
Microsoft Visual Studio Solution File, Format Version 12.00
# Visual Studio Version 17
VisualStudioVersion = 17.7.34031.279
MinimumVisualStudioVersion = 10.0.40219.1
Project("{9A19103F-16F7-4668-BE54-9A1E7A4F7556}") = "Attendance.Domain", "Attendance.Domain\Attendance.Domain.csproj", "{014FA208-1CCD-47B7-B4A7-82EC31FA3E78}"
EndProject
Project("{9A19103F-16F7-4668-BE54-9A1E7A4F7556}") = "Attendance.Infra.Data", "Attendance.Infra.Data\Attendance.Infra.Data.csproj", "{9CB267BA-CFB2-491E-AE4F-26E2BEE942C3}"
EndProject
Project("{9A19103F-16F7-4668-BE54-9A1E7A4F7556}") = "Attendance.Infra.Ioc", "Attendance.Infra.Ioc\Attendance.Infra.Ioc.csproj", "{00A8D2A6-ADFA-4C78-B740-7F52C6C667AD}"
EndProject
Project("{9A19103F-16F7-4668-BE54-9A1E7A4F7556}") = "Attendance.Application", "Attendance.Application\Attendance.Application.csproj", "{42B47210-6032-44FB-B55A-2333A31B50DB}"
EndProject
Project("{9A19103F-16F7-4668-BE54-9A1E7A4F7556}") = "Attendance.API", "Attendance.API\Attendance.API.csproj", "{F04A519F-DA96-4B51-AE12-05397FB0C816}"
EndProject
Project("{FAE04EC0-301F-11D3-BF4B-00C04F79EFBC}") = "Attendance.Infra.Integration", "Attendance.Infra.Integration\Attendance.Infra.Integration.csproj", "{B1363E62-4470-478C-B2AD-4B9F897170D7}"
EndProject
Global
	GlobalSection(SolutionConfigurationPlatforms) = preSolution
		Debug|Any CPU = Debug|Any CPU
		Release|Any CPU = Release|Any CPU
	EndGlobalSection
	GlobalSection(ProjectConfigurationPlatforms) = postSolution
		{014FA208-1CCD-47B7-B4A7-82EC31FA3E78}.Debug|Any CPU.ActiveCfg = Debug|Any CPU
		{014FA208-1CCD-47B7-B4A7-82EC31FA3E78}.Debug|Any CPU.Build.0 = Debug|Any CPU
		{014FA208-1CCD-47B7-B4A7-82EC31FA3E78}.Release|Any CPU.ActiveCfg = Release|Any CPU
		{014FA208-1CCD-47B7-B4A7-82EC31FA3E78}.Release|Any CPU.Build.0 = Release|Any CPU
		{9CB267BA-CFB2-491E-AE4F-26E2BEE942C3}.Debug|Any CPU.ActiveCfg = Debug|Any CPU
		{9CB267BA-CFB2-491E-AE4F-26E2BEE942C3}.Debug|Any CPU.Build.0 = Debug|Any CPU
		{9CB267BA-CFB2-491E-AE4F-26E2BEE942C3}.Release|Any CPU.ActiveCfg = Release|Any CPU
		{9CB267BA-CFB2-491E-AE4F-26E2BEE942C3}.Release|Any CPU.Build.0 = Release|Any CPU
		{00A8D2A6-ADFA-4C78-B740-7F52C6C667AD}.Debug|Any CPU.ActiveCfg = Debug|Any CPU
		{00A8D2A6-ADFA-4C78-B740-7F52C6C667AD}.Debug|Any CPU.Build.0 = Debug|Any CPU
		{00A8D2A6-ADFA-4C78-B740-7F52C6C667AD}.Release|Any CPU.ActiveCfg = Release|Any CPU
		{00A8D2A6-ADFA-4C78-B740-7F52C6C667AD}.Release|Any CPU.Build.0 = Release|Any CPU
		{42B47210-6032-44FB-B55A-2333A31B50DB}.Debug|Any CPU.ActiveCfg = Debug|Any CPU
		{42B47210-6032-44FB-B55A-2333A31B50DB}.Debug|Any CPU.Build.0 = Debug|Any CPU
		{42B47210-6032-44FB-B55A-2333A31B50DB}.Release|Any CPU.ActiveCfg = Release|Any CPU
		{42B47210-6032-44FB-B55A-2333A31B50DB}.Release|Any CPU.Build.0 = Release|Any CPU
		{F04A519F-DA96-4B51-AE12-05397FB0C816}.Debug|Any CPU.ActiveCfg = Debug|Any CPU
		{F04A519F-DA96-4B51-AE12-05397FB0C816}.Debug|Any CPU.Build.0 = Debug|Any CPU
		{F04A519F-DA96-4B51-AE12-05397FB0C816}.Release|Any CPU.ActiveCfg = Release|Any CPU
		{F04A519F-DA96-4B51-AE12-05397FB0C816}.Release|Any CPU.Build.0 = Release|Any CPU
		{B1363E62-4470-478C-B2AD-4B9F897170D7}.Debug|Any CPU.ActiveCfg = Debug|Any CPU
		{B1363E62-4470-478C-B2AD-4B9F897170D7}.Debug|Any CPU.Build.0 = Debug|Any CPU
		{B1363E62-4470-478C-B2AD-4B9F897170D7}.Release|Any CPU.ActiveCfg = Release|Any CPU
		{B1363E62-4470-478C-B2AD-4B9F897170D7}.Release|Any CPU.Build.0 = Release|Any CPU
	EndGlobalSection
	GlobalSection(SolutionProperties) = preSolution
		HideSolutionNode = FALSE
	EndGlobalSection
	GlobalSection(ExtensibilityGlobals) = postSolution
		SolutionGuid = {C49897C6-D2A8-4950-956A-DA6281A6E07C}
	EndGlobalSection
EndGlobal
